repository=https://github.com/Polymarket/builder-relayer-client
commit=9122f6fb1856f1ecfe4406685bfa19a2c5a7b290
package_version=0.0.10
verified_at=2026-07-23T01:33:00+08:00
safe_builder=src/builder/safe.ts
proxy_builder=src/builder/proxy.ts
proxy_encoder=src/encode/proxy.ts
deposit_wallet_reference=https://docs.polymarket.com/trading/deposit-wallets
safe_fixture_sha256=b106fc7fb4d499a2d88150aba9b8083590fa6ae4b9fb460ba4a9fe1680f4ad18
proxy_fixture_sha256=3bb801567ea501de73c0554000816035fd6a9d70c617b3c3051c6477e026f7fc
deposit_wallet_fixture_sha256=e22a7bb28948a1a7179ff9b6b4a364efa35cf379f9d2f82df5f4cc6ddf1f3967
note=Fixtures were generated by the pinned official TypeScript builders with deterministic private keys, nonce, calldata, relay and gas inputs. They contain no production credentials or transactions.
