solc_version=0.8.30
foundry_image=ghcr.io/foundry-rs/foundry:stable@sha256:043752653d5be351c71709091b3db97c4421c907eb40ea294195e7f532aadf46
source_sha256=8fd4a41e8052770fe468f9361e3a848932533049720b4a92a129ef2d080e9f37
foundry_toml_sha256=e99930e19a9e19a7e98f0e755bc5cf29fdec6ff107ca1e99345bf6b79b993c95
creation_bytecode_sha256=fe6fd5067dfa0e3383a2996167a5e974742c84d5045044cc61247ab3f1dca1b6
